
Microsoft Visual Studio Solution File, Format Version 12.00
# Visual Studio Version 17
VisualStudioVersion = 17.3.32819.101
MinimumVisualStudioVersion = 10.0.40219.1
Project("{9A19103F-16F7-4668-BE54-9A1E7A4F7556}") = "DrCost", "DrCost\DrCost.csproj", "{F17B76AF-AD74-49DE-90CB-84C18EDB3ECA}"
EndProject
Project("{9A19103F-16F7-4668-BE54-9A1E7A4F7556}") = "DrCost.Services", "DrCost.Services\DrCost.Services.csproj", "{2A7FCD97-708C-4283-8F54-650F5CDCC16C}"
EndProject
Project("{9A19103F-16F7-4668-BE54-9A1E7A4F7556}") = "DrCost.Models", "DrCost.Models\DrCost.Models.csproj", "{AD81D046-EE02-4FCD-BE1B-694B97320F79}"
EndProject
Global
	GlobalSection(SolutionConfigurationPlatforms) = preSolution
		Debug|Any CPU = Debug|Any CPU
		Release|Any CPU = Release|Any CPU
	EndGlobalSection
	GlobalSection(ProjectConfigurationPlatforms) = postSolution
		{F17B76AF-AD74-49DE-90CB-84C18EDB3ECA}.Debug|Any CPU.ActiveCfg = Debug|Any CPU
		{F17B76AF-AD74-49DE-90CB-84C18EDB3ECA}.Debug|Any CPU.Build.0 = Debug|Any CPU
		{F17B76AF-AD74-49DE-90CB-84C18EDB3ECA}.Release|Any CPU.ActiveCfg = Release|Any CPU
		{F17B76AF-AD74-49DE-90CB-84C18EDB3ECA}.Release|Any CPU.Build.0 = Release|Any CPU
		{2A7FCD97-708C-4283-8F54-650F5CDCC16C}.Debug|Any CPU.ActiveCfg = Debug|Any CPU
		{2A7FCD97-708C-4283-8F54-650F5CDCC16C}.Debug|Any CPU.Build.0 = Debug|Any CPU
		{2A7FCD97-708C-4283-8F54-650F5CDCC16C}.Release|Any CPU.ActiveCfg = Release|Any CPU
		{2A7FCD97-708C-4283-8F54-650F5CDCC16C}.Release|Any CPU.Build.0 = Release|Any CPU
		{AD81D046-EE02-4FCD-BE1B-694B97320F79}.Debug|Any CPU.ActiveCfg = Debug|Any CPU
		{AD81D046-EE02-4FCD-BE1B-694B97320F79}.Debug|Any CPU.Build.0 = Debug|Any CPU
		{AD81D046-EE02-4FCD-BE1B-694B97320F79}.Release|Any CPU.ActiveCfg = Release|Any CPU
		{AD81D046-EE02-4FCD-BE1B-694B97320F79}.Release|Any CPU.Build.0 = Release|Any CPU
	EndGlobalSection
	GlobalSection(SolutionProperties) = preSolution
		HideSolutionNode = FALSE
	EndGlobalSection
	GlobalSection(ExtensibilityGlobals) = postSolution
		SolutionGuid = {AD1BB4D4-9D71-446E-BF19-514E25FAF3F2}
	EndGlobalSection
EndGlobal
